// !$*UTF8*$!
{
	archiveVersion = 1;
	classes = {
	};
	objectVersion = 46;
	objects = {

/* Begin PBXBuildFile section */
		9C376F021C5182110068A0FE /* GraphViewController.swift in Sources */ = {isa = PBXBuildFile; fileRef = 9C376F011C5182110068A0FE /* GraphViewController.swift */; };
		9C376F0F1C5188A40068A0FE /* Charts.framework in Frameworks */ = {isa = PBXBuildFile; fileRef = 9C376F0A1C5187E80068A0FE /* Charts.framework */; };
		9C376F101C5188A40068A0FE /* Charts.framework in Embed Frameworks */ = {isa = PBXBuildFile; fileRef = 9C376F0A1C5187E80068A0FE /* Charts.framework */; settings = {ATTRIBUTES = (CodeSignOnCopy, RemoveHeadersOnCopy, ); }; };
		9CBEED961C4EB3FD00323E98 /* AppDelegate.swift in Sources */ = {isa = PBXBuildFile; fileRef = 9CBEED951C4EB3FD00323E98 /* AppDelegate.swift */; };
		9CBEED981C4EB3FD00323E98 /* StreamViewController.swift in Sources */ = {isa = PBXBuildFile; fileRef = 9CBEED971C4EB3FD00323E98 /* StreamViewController.swift */; };
		9CBEED9B1C4EB3FD00323E98 /* Main.storyboard in Resources */ = {isa = PBXBuildFile; fileRef = 9CBEED991C4EB3FD00323E98 /* Main.storyboard */; };
		9CBEED9D1C4EB3FD00323E98 /* Assets.xcassets in Resources */ = {isa = PBXBuildFile; fileRef = 9CBEED9C1C4EB3FD00323E98 /* Assets.xcassets */; };
		9CBEEDA01C4EB3FD00323E98 /* LaunchScreen.storyboard in Resources */ = {isa = PBXBuildFile; fileRef = 9CBEED9E1C4EB3FD00323E98 /* LaunchScreen.storyboard */; };
		9CBEEDAB1C4EB3FD00323E98 /* Mercury_Patch_Pressure_SensorTests.swift in Sources */ = {isa = PBXBuildFile; fileRef = 9CBEEDAA1C4EB3FD00323E98 /* Mercury_Patch_Pressure_SensorTests.swift */; };
/* End PBXBuildFile section */

/* Begin PBXContainerItemProxy section */
		9C376F091C5187E80068A0FE /* PBXContainerItemProxy */ = {
			isa = PBXContainerItemProxy;
			containerPortal = 9C376F031C5187E60068A0FE /* Charts.xcodeproj */;
			proxyType = 2;
			remoteGlobalIDString = 5BA8EC401A9D14DC00CE82E1;
			remoteInfo = "Charts-iOS";
		};
		9C376F0B1C5187E80068A0FE /* PBXContainerItemProxy */ = {
			isa = PBXContainerItemProxy;
			containerPortal = 9C376F031C5187E60068A0FE /* Charts.xcodeproj */;
			proxyType = 2;
			remoteGlobalIDString = A52C5C371BAC5CA400594CDD;
			remoteInfo = "Charts-TV";
		};
		9C376F0D1C5187E80068A0FE /* PBXContainerItemProxy */ = {
			isa = PBXContainerItemProxy;
			containerPortal = 9C376F031C5187E60068A0FE /* Charts.xcodeproj */;
			proxyType = 2;
			remoteGlobalIDString = 06AEE7A21BDC3F8B009875AE;
			remoteInfo = ChartsTests;
		};
		9C376F111C5188A40068A0FE /* PBXContainerItemProxy */ = {
			isa = PBXContainerItemProxy;
			containerPortal = 9C376F031C5187E60068A0FE /* Charts.xcodeproj */;
			proxyType = 1;
			remoteGlobalIDString = 5BA8EC3F1A9D14DC00CE82E1;
			remoteInfo = "Charts-iOS";
		};
		9CBEEDA71C4EB3FD00323E98 /* PBXContainerItemProxy */ = {
			isa = PBXContainerItemProxy;
			containerPortal = 9CBEED8A1C4EB3FD00323E98 /* Project object */;
			proxyType = 1;
			remoteGlobalIDString = 9CBEED911C4EB3FD00323E98;
			remoteInfo = "Mercury Patch Pressure Sensor";
		};
/* End PBXContainerItemProxy section */

/* Begin PBXCopyFilesBuildPhase section */
		9C376F131C5188A50068A0FE /* Embed Frameworks */ = {
			isa = PBXCopyFilesBuildPhase;
			buildActionMask = 2147483647;
			dstPath = "";
			dstSubfolderSpec = 10;
			files = (
				9C376F101C5188A40068A0FE /* Charts.framework in Embed Frameworks */,
			);
			name = "Embed Frameworks";
			runOnlyForDeploymentPostprocessing = 0;
		};
/* End PBXCopyFilesBuildPhase section */

/* Begin PBXFileReference section */
		9C376F011C5182110068A0FE /* GraphViewController.swift */ = {isa = PBXFileReference; fileEncoding = 4; lastKnownFileType = sourcecode.swift; path = GraphViewController.swift; sourceTree = "<group>"; };
		9C376F031C5187E60068A0FE /* Charts.xcodeproj */ = {isa = PBXFileReference; lastKnownFileType = "wrapper.pb-project"; name = Charts.xcodeproj; path = "../../ios-charts-master/Charts/Charts.xcodeproj"; sourceTree = "<group>"; };
		9CBEED921C4EB3FD00323E98 /* Mercury Patch Pressure Sensor.app */ = {isa = PBXFileReference; explicitFileType = wrapper.application; includeInIndex = 0; path = "Mercury Patch Pressure Sensor.app"; sourceTree = BUILT_PRODUCTS_DIR; };
		9CBEED951C4EB3FD00323E98 /* AppDelegate.swift */ = {isa = PBXFileReference; lastKnownFileType = sourcecode.swift; path = AppDelegate.swift; sourceTree = "<group>"; };
		9CBEED971C4EB3FD00323E98 /* StreamViewController.swift */ = {isa = PBXFileReference; lastKnownFileType = sourcecode.swift; path = StreamViewController.swift; sourceTree = "<group>"; };
		9CBEED9A1C4EB3FD00323E98 /* Base */ = {isa = PBXFileReference; lastKnownFileType = file.storyboard; name = Base; path = Base.lproj/Main.storyboard; sourceTree = "<group>"; };
		9CBEED9C1C4EB3FD00323E98 /* Assets.xcassets */ = {isa = PBXFileReference; lastKnownFileType = folder.assetcatalog; path = Assets.xcassets; sourceTree = "<group>"; };
		9CBEED9F1C4EB3FD00323E98 /* Base */ = {isa = PBXFileReference; lastKnownFileType = file.storyboard; name = Base; path = Base.lproj/LaunchScreen.storyboard; sourceTree = "<group>"; };
		9CBEEDA11C4EB3FD00323E98 /* Info.plist */ = {isa = PBXFileReference; lastKnownFileType = text.plist.xml; path = Info.plist; sourceTree = "<group>"; };
		9CBEEDA61C4EB3FD00323E98 /* Mercury Patch Pressure SensorTests.xctest */ = {isa = PBXFileReference; explicitFileType = wrapper.cfbundle; includeInIndex = 0; path = "Mercury Patch Pressure SensorTests.xctest"; sourceTree = BUILT_PRODUCTS_DIR; };
		9CBEEDAA1C4EB3FD00323E98 /* Mercury_Patch_Pressure_SensorTests.swift */ = {isa = PBXFileReference; lastKnownFileType = sourcecode.swift; path = Mercury_Patch_Pressure_SensorTests.swift; sourceTree = "<group>"; };
		9CBEEDAC1C4EB3FE00323E98 /* Info.plist */ = {isa = PBXFileReference; lastKnownFileType = text.plist.xml; path = Info.plist; sourceTree = "<group>"; };
/* End PBXFileReference section */

/* Begin PBXFrameworksBuildPhase section */
		9CBEED8F1C4EB3FD00323E98 /* Frameworks */ = {
			isa = PBXFrameworksBuildPhase;
			buildActionMask = 2147483647;
			files = (
				9C376F0F1C5188A40068A0FE /* Charts.framework in Frameworks */,
			);
			runOnlyForDeploymentPostprocessing = 0;
		};
		9CBEEDA31C4EB3FD00323E98 /* Frameworks */ = {
			isa = PBXFrameworksBuildPhase;
			buildActionMask = 2147483647;
			files = (
			);
			runOnlyForDeploymentPostprocessing = 0;
		};
/* End PBXFrameworksBuildPhase section */

/* Begin PBXGroup section */
		9C376F041C5187E60068A0FE /* Products */ = {
			isa = PBXGroup;
			children = (
				9C376F0A1C5187E80068A0FE /* Charts.framework */,
				9C376F0C1C5187E80068A0FE /* Charts.framework */,
				9C376F0E1C5187E80068A0FE /* ChartsTests.xctest */,
			);
			name = Products;
			sourceTree = "<group>";
		};
		9CBEED891C4EB3FD00323E98 = {
			isa = PBXGroup;
			children = (
				9CBEED941C4EB3FD00323E98 /* Mercury Patch Pressure Sensor */,
				9CBEEDA91C4EB3FD00323E98 /* Mercury Patch Pressure SensorTests */,
				9CBEED931C4EB3FD00323E98 /* Products */,
				9C376F031C5187E60068A0FE /* Charts.xcodeproj */,
			);
			sourceTree = "<group>";
		};
		9CBEED931C4EB3FD00323E98 /* Products */ = {
			isa = PBXGroup;
			children = (
				9CBEED921C4EB3FD00323E98 /* Mercury Patch Pressure Sensor.app */,
				9CBEEDA61C4EB3FD00323E98 /* Mercury Patch Pressure SensorTests.xctest */,
			);
			name = Products;
			sourceTree = "<group>";
		};
		9CBEED941C4EB3FD00323E98 /* Mercury Patch Pressure Sensor */ = {
			isa = PBXGroup;
			children = (
				9CBEED951C4EB3FD00323E98 /* AppDelegate.swift */,
				9CBEED971C4EB3FD00323E98 /* StreamViewController.swift */,
				9CBEED991C4EB3FD00323E98 /* Main.storyboard */,
				9C376F011C5182110068A0FE /* GraphViewController.swift */,
				9CBEED9C1C4EB3FD00323E98 /* Assets.xcassets */,
				9CBEED9E1C4EB3FD00323E98 /* LaunchScreen.storyboard */,
				9CBEEDA11C4EB3FD00323E98 /* Info.plist */,
			);
			path = "Mercury Patch Pressure Sensor";
			sourceTree = "<group>";
		};
		9CBEEDA91C4EB3FD00323E98 /* Mercury Patch Pressure SensorTests */ = {
			isa = PBXGroup;
			children = (
				9CBEEDAA1C4EB3FD00323E98 /* Mercury_Patch_Pressure_SensorTests.swift */,
				9CBEEDAC1C4EB3FE00323E98 /* Info.plist */,
			);
			path = "Mercury Patch Pressure SensorTests";
			sourceTree = "<group>";
		};
/* End PBXGroup section */

/* Begin PBXNativeTarget section */
		9CBEED911C4EB3FD00323E98 /* Mercury Patch Pressure Sensor */ = {
			isa = PBXNativeTarget;
			buildConfigurationList = 9CBEEDAF1C4EB3FE00323E98 /* Build configuration list for PBXNativeTarget "Mercury Patch Pressure Sensor" */;
			buildPhases = (
				9CBEED8E1C4EB3FD00323E98 /* Sources */,
				9CBEED8F1C4EB3FD00323E98 /* Frameworks */,
				9CBEED901C4EB3FD00323E98 /* Resources */,
				9C376F131C5188A50068A0FE /* Embed Frameworks */,
			);
			buildRules = (
			);
			dependencies = (
				9C376F121C5188A40068A0FE /* PBXTargetDependency */,
			);
			name = "Mercury Patch Pressure Sensor";
			productName = "Mercury Patch Pressure Sensor";
			productReference = 9CBEED921C4EB3FD00323E98 /* Mercury Patch Pressure Sensor.app */;
			productType = "com.apple.product-type.application";
		};
		9CBEEDA51C4EB3FD00323E98 /* Mercury Patch Pressure SensorTests */ = {
			isa = PBXNativeTarget;
			buildConfigurationList = 9CBEEDB21C4EB3FE00323E98 /* Build configuration list for PBXNativeTarget "Mercury Patch Pressure SensorTests" */;
			buildPhases = (
				9CBEEDA21C4EB3FD00323E98 /* Sources */,
				9CBEEDA31C4EB3FD00323E98 /* Frameworks */,
				9CBEEDA41C4EB3FD00323E98 /* Resources */,
			);
			buildRules = (
			);
			dependencies = (
				9CBEEDA81C4EB3FD00323E98 /* PBXTargetDependency */,
			);
			name = "Mercury Patch Pressure SensorTests";
			productName = "Mercury Patch Pressure SensorTests";
			productReference = 9CBEEDA61C4EB3FD00323E98 /* Mercury Patch Pressure SensorTests.xctest */;
			productType = "com.apple.product-type.bundle.unit-test";
		};
/* End PBXNativeTarget section */

/* Begin PBXProject section */
		9CBEED8A1C4EB3FD00323E98 /* Project object */ = {
			isa = PBXProject;
			attributes = {
				LastSwiftUpdateCheck = 0720;
				LastUpgradeCheck = 0720;
				ORGANIZATIONNAME = "Sean Mattson";
				TargetAttributes = {
					9CBEED911C4EB3FD00323E98 = {
						CreatedOnToolsVersion = 7.2;
					};
					9CBEEDA51C4EB3FD00323E98 = {
						CreatedOnToolsVersion = 7.2;
						TestTargetID = 9CBEED911C4EB3FD00323E98;
					};
				};
			};
			buildConfigurationList = 9CBEED8D1C4EB3FD00323E98 /* Build configuration list for PBXProject "Mercury Patch Pressure Sensor" */;
			compatibilityVersion = "Xcode 3.2";
			developmentRegion = English;
			hasScannedForEncodings = 0;
			knownRegions = (
				en,
				Base,
			);
			mainGroup = 9CBEED891C4EB3FD00323E98;
			productRefGroup = 9CBEED931C4EB3FD00323E98 /* Products */;
			projectDirPath = "";
			projectReferences = (
				{
					ProductGroup = 9C376F041C5187E60068A0FE /* Products */;
					ProjectRef = 9C376F031C5187E60068A0FE /* Charts.xcodeproj */;
				},
			);
			projectRoot = "";
			targets = (
				9CBEED911C4EB3FD00323E98 /* Mercury Patch Pressure Sensor */,
				9CBEEDA51C4EB3FD00323E98 /* Mercury Patch Pressure SensorTests */,
			);
		};
/* End PBXProject section */

/* Begin PBXReferenceProxy section */
		9C376F0A1C5187E80068A0FE /* Charts.framework */ = {
			isa = PBXReferenceProxy;
			fileType = wrapper.framework;
			path = Charts.framework;
			remoteRef = 9C376F091C5187E80068A0FE /* PBXContainerItemProxy */;
			sourceTree = BUILT_PRODUCTS_DIR;
		};
		9C376F0C1C5187E80068A0FE /* Charts.framework */ = {
			isa = PBXReferenceProxy;
			fileType = wrapper.framework;
			path = Charts.framework;
			remoteRef = 9C376F0B1C5187E80068A0FE /* PBXContainerItemProxy */;
			sourceTree = BUILT_PRODUCTS_DIR;
		};
		9C376F0E1C5187E80068A0FE /* ChartsTests.xctest */ = {
			isa = PBXReferenceProxy;
			fileType = wrapper.cfbundle;
			path = ChartsTests.xctest;
			remoteRef = 9C376F0D1C5187E80068A0FE /* PBXContainerItemProxy */;
			sourceTree = BUILT_PRODUCTS_DIR;
		};
/* End PBXReferenceProxy section */

/* Begin PBXResourcesBuildPhase section */
		9CBEED901C4EB3FD00323E98 /* Resources */ = {
			isa = PBXResourcesBuildPhase;
			buildActionMask = 2147483647;
			files = (
				9CBEEDA01C4EB3FD00323E98 /* LaunchScreen.storyboard in Resources */,
				9CBEED9D1C4EB3FD00323E98 /* Assets.xcassets in Resources */,
				9CBEED9B1C4EB3FD00323E98 /* Main.storyboard in Resources */,
			);
			runOnlyForDeploymentPostprocessing = 0;
		};
		9CBEEDA41C4EB3FD00323E98 /* Resources */ = {
			isa = PBXResourcesBuildPhase;
			buildActionMask = 2147483647;
			files = (
			);
			runOnlyForDeploymentPostprocessing = 0;
		};
/* End PBXResourcesBuildPhase section */

/* Begin PBXSourcesBuildPhase section */
		9CBEED8E1C4EB3FD00323E98 /* Sources */ = {
			isa = PBXSourcesBuildPhase;
			buildActionMask = 2147483647;
			files = (
				9C376F021C5182110068A0FE /* GraphViewController.swift in Sources */,
				9CBEED981C4EB3FD00323E98 /* StreamViewController.swift in Sources */,
				9CBEED961C4EB3FD00323E98 /* AppDelegate.swift in Sources */,
			);
			runOnlyForDeploymentPostprocessing = 0;
		};
		9CBEEDA21C4EB3FD00323E98 /* Sources */ = {
			isa = PBXSourcesBuildPhase;
			buildActionMask = 2147483647;
			files = (
				9CBEEDAB1C4EB3FD00323E98 /* Mercury_Patch_Pressure_SensorTests.swift in Sources */,
			);
			runOnlyForDeploymentPostprocessing = 0;
		};
/* End PBXSourcesBuildPhase section */

/* Begin PBXTargetDependency section */
		9C376F121C5188A40068A0FE /* PBXTargetDependency */ = {
			isa = PBXTargetDependency;
			name = "Charts-iOS";
			targetProxy = 9C376F111C5188A40068A0FE /* PBXContainerItemProxy */;
		};
		9CBEEDA81C4EB3FD00323E98 /* PBXTargetDependency */ = {
			isa = PBXTargetDependency;
			target = 9CBEED911C4EB3FD00323E98 /* Mercury Patch Pressure Sensor */;
			targetProxy = 9CBEEDA71C4EB3FD00323E98 /* PBXContainerItemProxy */;
		};
/* End PBXTargetDependency section */

/* Begin PBXVariantGroup section */
		9CBEED991C4EB3FD00323E98 /* Main.storyboard */ = {
			isa = PBXVariantGroup;
			children = (
				9CBEED9A1C4EB3FD00323E98 /* Base */,
			);
			name = Main.storyboard;
			sourceTree = "<group>";
		};
		9CBEED9E1C4EB3FD00323E98 /* LaunchScreen.storyboard */ = {
			isa = PBXVariantGroup;
			children = (
				9CBEED9F1C4EB3FD00323E98 /* Base */,
			);
			name = LaunchScreen.storyboard;
			sourceTree = "<group>";
		};
/* End PBXVariantGroup section */

/* Begin XCBuildConfiguration section */
		9CBEEDAD1C4EB3FE00323E98 /* Debug */ = {
			isa = XCBuildConfiguration;
			buildSettings = {
				ALWAYS_SEARCH_USER_PATHS = NO;
				CLANG_CXX_LANGUAGE_STANDARD = "gnu++0x";
				CLANG_CXX_LIBRARY = "libc++";
				CLANG_ENABLE_MODULES = YES;
				CLANG_ENABLE_OBJC_ARC = YES;
				CLANG_WARN_BOOL_CONVERSION = YES;
				CLANG_WARN_CONSTANT_CONVERSION = YES;
				CLANG_WARN_DIRECT_OBJC_ISA_USAGE = YES_ERROR;
				CLANG_WARN_EMPTY_BODY = YES;
				CLANG_WARN_ENUM_CONVERSION = YES;
				CLANG_WARN_INT_CONVERSION = YES;
				CLANG_WARN_OBJC_ROOT_CLASS = YES_ERROR;
				CLANG_WARN_UNREACHABLE_CODE = YES;
				CLANG_WARN__DUPLICATE_METHOD_MATCH = YES;
				"CODE_SIGN_IDENTITY[sdk=iphoneos*]" = "iPhone Developer";
				COPY_PHASE_STRIP = NO;
				DEBUG_INFORMATION_FORMAT = dwarf;
				ENABLE_STRICT_OBJC_MSGSEND = YES;
				ENABLE_TESTABILITY = YES;
				GCC_C_LANGUAGE_STANDARD = gnu99;
				GCC_DYNAMIC_NO_PIC = NO;
				GCC_NO_COMMON_BLOCKS = YES;
				GCC_OPTIMIZATION_LEVEL = 0;
				GCC_PREPROCESSOR_DEFINITIONS = (
					"DEBUG=1",
					"$(inherited)",
				);
				GCC_WARN_64_TO_32_BIT_CONVERSION = YES;
				GCC_WARN_ABOUT_RETURN_TYPE = YES_ERROR;
				GCC_WARN_UNDECLARED_SELECTOR = YES;
				GCC_WARN_UNINITIALIZED_AUTOS = YES_AGGRESSIVE;
				GCC_WARN_UNUSED_FUNCTION = YES;
				GCC_WARN_UNUSED_VARIABLE = YES;
				IPHONEOS_DEPLOYMENT_TARGET = 9.2;
				MTL_ENABLE_DEBUG_INFO = YES;
				ONLY_ACTIVE_ARCH = YES;
				SDKROOT = iphoneos;
				SWIFT_OPTIMIZATION_LEVEL = "-Onone";
				TARGETED_DEVICE_FAMILY = "1,2";
			};
			name = Debug;
		};
		9CBEEDAE1C4EB3FE00323E98 /* Release */ = {
			isa = XCBuildConfiguration;
			buildSettings = {
				ALWAYS_SEARCH_USER_PATHS = NO;
				CLANG_CXX_LANGUAGE_STANDARD = "gnu++0x";
				CLANG_CXX_LIBRARY = "libc++";
				CLANG_ENABLE_MODULES = YES;
				CLANG_ENABLE_OBJC_ARC = YES;
				CLANG_WARN_BOOL_CONVERSION = YES;
				CLANG_WARN_CONSTANT_CONVERSION = YES;
				CLANG_WARN_DIRECT_OBJC_ISA_USAGE = YES_ERROR;
				CLANG_WARN_EMPTY_BODY = YES;
				CLANG_WARN_ENUM_CONVERSION = YES;
				CLANG_WARN_INT_CONVERSION = YES;
				CLANG_WARN_OBJC_ROOT_CLASS = YES_ERROR;
				CLANG_WARN_UNREACHABLE_CODE = YES;
				CLANG_WARN__DUPLICATE_METHOD_MATCH = YES;
				"CODE_SIGN_IDENTITY[sdk=iphoneos*]" = "iPhone Developer";
				COPY_PHASE_STRIP = NO;
				DEBUG_INFORMATION_FORMAT = "dwarf-with-dsym";
				ENABLE_NS_ASSERTIONS = NO;
				ENABLE_STRICT_OBJC_MSGSEND = YES;
				GCC_C_LANGUAGE_STANDARD = gnu99;
				GCC_NO_COMMON_BLOCKS = YES;
				GCC_WARN_64_TO_32_BIT_CONVERSION = YES;
				GCC_WARN_ABOUT_RETURN_TYPE = YES_ERROR;
				GCC_WARN_UNDECLARED_SELECTOR = YES;
				GCC_WARN_UNINITIALIZED_AUTOS = YES_AGGRESSIVE;
				GCC_WARN_UNUSED_FUNCTION = YES;
				GCC_WARN_UNUSED_VARIABLE = YES;
				IPHONEOS_DEPLOYMENT_TARGET = 9.2;
				MTL_ENABLE_DEBUG_INFO = NO;
				SDKROOT = iphoneos;
				TARGETED_DEVICE_FAMILY = "1,2";
				VALIDATE_PRODUCT = YES;
			};
			name = Release;
		};
		9CBEEDB01C4EB3FE00323E98 /* Debug */ = {
			isa = XCBuildConfiguration;
			buildSettings = {
				ASSETCATALOG_COMPILER_APPICON_NAME = AppIcon;
				EMBEDDED_CONTENT_CONTAINS_SWIFT = YES;
				INFOPLIST_FILE = "Mercury Patch Pressure Sensor/Info.plist";
				LD_RUNPATH_SEARCH_PATHS = "$(inherited) @executable_path/Frameworks";
				PRODUCT_BUNDLE_IDENTIFIER = "Tactimed.Mercury-Patch-Pressure-Sensor";
				PRODUCT_NAME = "$(TARGET_NAME)";
			};
			name = Debug;
		};
		9CBEEDB11C4EB3FE00323E98 /* Release */ = {
			isa = XCBuildConfiguration;
			buildSettings = {
				ASSETCATALOG_COMPILER_APPICON_NAME = AppIcon;
				EMBEDDED_CONTENT_CONTAINS_SWIFT = YES;
				INFOPLIST_FILE = "Mercury Patch Pressure Sensor/Info.plist";
				LD_RUNPATH_SEARCH_PATHS = "$(inherited) @executable_path/Frameworks";
				PRODUCT_BUNDLE_IDENTIFIER = "Tactimed.Mercury-Patch-Pressure-Sensor";
				PRODUCT_NAME = "$(TARGET_NAME)";
			};
			name = Release;
		};
		9CBEEDB31C4EB3FE00323E98 /* Debug */ = {
			isa = XCBuildConfiguration;
			buildSettings = {
				BUNDLE_LOADER = "$(TEST_HOST)";
				INFOPLIST_FILE = "Mercury Patch Pressure SensorTests/Info.plist";
				LD_RUNPATH_SEARCH_PATHS = "$(inherited) @executable_path/Frameworks @loader_path/Frameworks";
				PRODUCT_BUNDLE_IDENTIFIER = "Tactimed.Mercury-Patch-Pressure-SensorTests";
				PRODUCT_NAME = "$(TARGET_NAME)";
				TEST_HOST = "$(BUILT_PRODUCTS_DIR)/Mercury Patch Pressure Sensor.app/Mercury Patch Pressure Sensor";
			};
			name = Debug;
		};
		9CBEEDB41C4EB3FE00323E98 /* Release */ = {
			isa = XCBuildConfiguration;
			buildSettings = {
				BUNDLE_LOADER = "$(TEST_HOST)";
				INFOPLIST_FILE = "Mercury Patch Pressure SensorTests/Info.plist";
				LD_RUNPATH_SEARCH_PATHS = "$(inherited) @executable_path/Frameworks @loader_path/Frameworks";
				PRODUCT_BUNDLE_IDENTIFIER = "Tactimed.Mercury-Patch-Pressure-SensorTests";
				PRODUCT_NAME = "$(TARGET_NAME)";
				TEST_HOST = "$(BUILT_PRODUCTS_DIR)/Mercury Patch Pressure Sensor.app/Mercury Patch Pressure Sensor";
			};
			name = Release;
		};
/* End XCBuildConfiguration section */

/* Begin XCConfigurationList section */
		9CBEED8D1C4EB3FD00323E98 /* Build configuration list for PBXProject "Mercury Patch Pressure Sensor" */ = {
			isa = XCConfigurationList;
			buildConfigurations = (
				9CBEEDAD1C4EB3FE00323E98 /* Debug */,
				9CBEEDAE1C4EB3FE00323E98 /* Release */,
			);
			defaultConfigurationIsVisible = 0;
			defaultConfigurationName = Release;
		};
		9CBEEDAF1C4EB3FE00323E98 /* Build configuration list for PBXNativeTarget "Mercury Patch Pressure Sensor" */ = {
			isa = XCConfigurationList;
			buildConfigurations = (
				9CBEEDB01C4EB3FE00323E98 /* Debug */,
				9CBEEDB11C4EB3FE00323E98 /* Release */,
			);
			defaultConfigurationIsVisible = 0;
			defaultConfigurationName = Release;
		};
		9CBEEDB21C4EB3FE00323E98 /* Build configuration list for PBXNativeTarget "Mercury Patch Pressure SensorTests" */ = {
			isa = XCConfigurationList;
			buildConfigurations = (
				9CBEEDB31C4EB3FE00323E98 /* Debug */,
				9CBEEDB41C4EB3FE00323E98 /* Release */,
			);
			defaultConfigurationIsVisible = 0;
			defaultConfigurationName = Release;
		};
/* End XCConfigurationList section */
	};
	rootObject = 9CBEED8A1C4EB3FD00323E98 /* Project object */;
}
